{
  "name": "demo",
  "version": "1.0.0",
  "lockfileVersion": 1,
  "requires": true,
  "dependencies": {
    "menu-buddy": {
      "version": "1.2.3",
      "resolved": "https://registry.npmjs.org/menu-buddy/-/menu-buddy-1.2.3.tgz",
      "integrity": "sha512-+B+VyBhHZWAza4aVX00ZFr5xgZo56SQrNhSYAEdX7cRC214qLN0CLHnrB09m3P8w1krrGJaVpR8LuVFEx6vDMA=="
    }
  }
}
